
Microsoft Visual Studio Solution File, Format Version 12.00
# Visual Studio 15
VisualStudioVersion = 15.0.28307.271
MinimumVisualStudioVersion = 10.0.40219.1
Project("{9A19103F-16F7-4668-BE54-9A1E7A4F7556}") = "MvvmExample1", "MvvmExample1\MvvmExample1.csproj", "{EF3AB5C6-3E80-43DB-A745-E24D9240C4C2}"
EndProject
Global
	GlobalSection(SolutionConfigurationPlatforms) = preSolution
		Debug|Any CPU = Debug|Any CPU
		Debug|x64 = Debug|x64
		Release|Any CPU = Release|Any CPU
		Release|x64 = Release|x64
	EndGlobalSection
	GlobalSection(ProjectConfigurationPlatforms) = postSolution
		{EF3AB5C6-3E80-43DB-A745-E24D9240C4C2}.Debug|Any CPU.ActiveCfg = Debug|Any CPU
		{EF3AB5C6-3E80-43DB-A745-E24D9240C4C2}.Debug|Any CPU.Build.0 = Debug|Any CPU
		{EF3AB5C6-3E80-43DB-A745-E24D9240C4C2}.Debug|x64.ActiveCfg = Debug|x64
		{EF3AB5C6-3E80-43DB-A745-E24D9240C4C2}.Debug|x64.Build.0 = Debug|x64
		{EF3AB5C6-3E80-43DB-A745-E24D9240C4C2}.Release|Any CPU.ActiveCfg = Release|Any CPU
		{EF3AB5C6-3E80-43DB-A745-E24D9240C4C2}.Release|Any CPU.Build.0 = Release|Any CPU
		{EF3AB5C6-3E80-43DB-A745-E24D9240C4C2}.Release|x64.ActiveCfg = Release|x64
		{EF3AB5C6-3E80-43DB-A745-E24D9240C4C2}.Release|x64.Build.0 = Release|x64
	EndGlobalSection
	GlobalSection(SolutionProperties) = preSolution
		HideSolutionNode = FALSE
	EndGlobalSection
	GlobalSection(ExtensibilityGlobals) = postSolution
		SolutionGuid = {12BED84C-FBB5-43F6-89B7-D438B1D1ED4D}
	EndGlobalSection
EndGlobal
