
Microsoft Visual Studio Solution File, Format Version 12.00
# Visual Studio 15
VisualStudioVersion = 15.0.28307.421
MinimumVisualStudioVersion = 10.0.40219.1
Project("{FAE04EC0-301F-11D3-BF4B-00C04F79EFBC}") = "MVVM", "MVVM\MVVM.csproj", "{BE68A6F7-6F34-4A1F-9488-EA95B9B30D88}"
EndProject
Project("{FAE04EC0-301F-11D3-BF4B-00C04F79EFBC}") = "Model", "Model\Model.csproj", "{E471235B-9FB8-48CB-8600-FC58F267F3F2}"
EndProject
Project("{FAE04EC0-301F-11D3-BF4B-00C04F79EFBC}") = "ModelView", "ModelView\ModelView.csproj", "{BA6427C7-2DB3-4F72-BDE7-3F34096A9FC6}"
EndProject
Global
	GlobalSection(SolutionConfigurationPlatforms) = preSolution
		Debug|Any CPU = Debug|Any CPU
		Release|Any CPU = Release|Any CPU
	EndGlobalSection
	GlobalSection(ProjectConfigurationPlatforms) = postSolution
		{BE68A6F7-6F34-4A1F-9488-EA95B9B30D88}.Debug|Any CPU.ActiveCfg = Debug|Any CPU
		{BE68A6F7-6F34-4A1F-9488-EA95B9B30D88}.Debug|Any CPU.Build.0 = Debug|Any CPU
		{BE68A6F7-6F34-4A1F-9488-EA95B9B30D88}.Release|Any CPU.ActiveCfg = Release|Any CPU
		{BE68A6F7-6F34-4A1F-9488-EA95B9B30D88}.Release|Any CPU.Build.0 = Release|Any CPU
		{E471235B-9FB8-48CB-8600-FC58F267F3F2}.Debug|Any CPU.ActiveCfg = Debug|Any CPU
		{E471235B-9FB8-48CB-8600-FC58F267F3F2}.Debug|Any CPU.Build.0 = Debug|Any CPU
		{E471235B-9FB8-48CB-8600-FC58F267F3F2}.Release|Any CPU.ActiveCfg = Release|Any CPU
		{E471235B-9FB8-48CB-8600-FC58F267F3F2}.Release|Any CPU.Build.0 = Release|Any CPU
		{BA6427C7-2DB3-4F72-BDE7-3F34096A9FC6}.Debug|Any CPU.ActiveCfg = Debug|Any CPU
		{BA6427C7-2DB3-4F72-BDE7-3F34096A9FC6}.Debug|Any CPU.Build.0 = Debug|Any CPU
		{BA6427C7-2DB3-4F72-BDE7-3F34096A9FC6}.Release|Any CPU.ActiveCfg = Release|Any CPU
		{BA6427C7-2DB3-4F72-BDE7-3F34096A9FC6}.Release|Any CPU.Build.0 = Release|Any CPU
	EndGlobalSection
	GlobalSection(SolutionProperties) = preSolution
		HideSolutionNode = FALSE
	EndGlobalSection
	GlobalSection(ExtensibilityGlobals) = postSolution
		SolutionGuid = {F819E26E-B49F-4378-AC3B-902E4A3C72D9}
	EndGlobalSection
EndGlobal
